// !$*UTF8*$!
{
	archiveVersion = 1;
	classes = {
	};
	objectVersion = 56;
	objects = {

/* Begin PBXBuildFile section */
		5291290229D9D38500308177 /* AppDelegate.swift in Sources */ = {isa = PBXBuildFile; fileRef = 5291290129D9D38500308177 /* AppDelegate.swift */; };
		5291290429D9D38500308177 /* SceneDelegate.swift in Sources */ = {isa = PBXBuildFile; fileRef = 5291290329D9D38500308177 /* SceneDelegate.swift */; };
		5291290629D9D38500308177 /* ViewController.swift in Sources */ = {isa = PBXBuildFile; fileRef = 5291290529D9D38500308177 /* ViewController.swift */; };
		5291290929D9D38500308177 /* Main.storyboard in Resources */ = {isa = PBXBuildFile; fileRef = 5291290729D9D38500308177 /* Main.storyboard */; };
		5291290B29D9D38800308177 /* Assets.xcassets in Resources */ = {isa = PBXBuildFile; fileRef = 5291290A29D9D38800308177 /* Assets.xcassets */; };
		5291290E29D9D38800308177 /* LaunchScreen.storyboard in Resources */ = {isa = PBXBuildFile; fileRef = 5291290C29D9D38800308177 /* LaunchScreen.storyboard */; };
		5291291929D9D38800308177 /* AVPlayerExampleTests.swift in Sources */ = {isa = PBXBuildFile; fileRef = 5291291829D9D38800308177 /* AVPlayerExampleTests.swift */; };
		5291292329D9D38800308177 /* AVPlayerExampleUITests.swift in Sources */ = {isa = PBXBuildFile; fileRef = 5291292229D9D38800308177 /* AVPlayerExampleUITests.swift */; };
		5291292529D9D38800308177 /* AVPlayerExampleUITestsLaunchTests.swift in Sources */ = {isa = PBXBuildFile; fileRef = 5291292429D9D38800308177 /* AVPlayerExampleUITestsLaunchTests.swift */; };
/* End PBXBuildFile section */

/* Begin PBXContainerItemProxy section */
		5291291529D9D38800308177 /* PBXContainerItemProxy */ = {
			isa = PBXContainerItemProxy;
			containerPortal = 529128F629D9D38500308177 /* Project object */;
			proxyType = 1;
			remoteGlobalIDString = 529128FD29D9D38500308177;
			remoteInfo = AVPlayerExample;
		};
		5291291F29D9D38800308177 /* PBXContainerItemProxy */ = {
			isa = PBXContainerItemProxy;
			containerPortal = 529128F629D9D38500308177 /* Project object */;
			proxyType = 1;
			remoteGlobalIDString = 529128FD29D9D38500308177;
			remoteInfo = AVPlayerExample;
		};
/* End PBXContainerItemProxy section */

/* Begin PBXFileReference section */
		529128FE29D9D38500308177 /* AVPlayerExample.app */ = {isa = PBXFileReference; explicitFileType = wrapper.application; includeInIndex = 0; path = AVPlayerExample.app; sourceTree = BUILT_PRODUCTS_DIR; };
		5291290129D9D38500308177 /* AppDelegate.swift */ = {isa = PBXFileReference; lastKnownFileType = sourcecode.swift; path = AppDelegate.swift; sourceTree = "<group>"; };
		5291290329D9D38500308177 /* SceneDelegate.swift */ = {isa = PBXFileReference; lastKnownFileType = sourcecode.swift; path = SceneDelegate.swift; sourceTree = "<group>"; };
		5291290529D9D38500308177 /* ViewController.swift */ = {isa = PBXFileReference; lastKnownFileType = sourcecode.swift; path = ViewController.swift; sourceTree = "<group>"; };
		5291290829D9D38500308177 /* Base */ = {isa = PBXFileReference; lastKnownFileType = file.storyboard; name = Base; path = Base.lproj/Main.storyboard; sourceTree = "<group>"; };
		5291290A29D9D38800308177 /* Assets.xcassets */ = {isa = PBXFileReference; lastKnownFileType = folder.assetcatalog; path = Assets.xcassets; sourceTree = "<group>"; };
		5291290D29D9D38800308177 /* Base */ = {isa = PBXFileReference; lastKnownFileType = file.storyboard; name = Base; path = Base.lproj/LaunchScreen.storyboard; sourceTree = "<group>"; };
		5291290F29D9D38800308177 /* Info.plist */ = {isa = PBXFileReference; lastKnownFileType = text.plist.xml; path = Info.plist; sourceTree = "<group>"; };
		5291291429D9D38800308177 /* AVPlayerExampleTests.xctest */ = {isa = PBXFileReference; explicitFileType = wrapper.cfbundle; includeInIndex = 0; path = AVPlayerExampleTests.xctest; sourceTree = BUILT_PRODUCTS_DIR; };
		5291291829D9D38800308177 /* AVPlayerExampleTests.swift */ = {isa = PBXFileReference; lastKnownFileType = sourcecode.swift; path = AVPlayerExampleTests.swift; sourceTree = "<group>"; };
		5291291E29D9D38800308177 /* AVPlayerExampleUITests.xctest */ = {isa = PBXFileReference; explicitFileType = wrapper.cfbundle; includeInIndex = 0; path = AVPlayerExampleUITests.xctest; sourceTree = BUILT_PRODUCTS_DIR; };
		5291292229D9D38800308177 /* AVPlayerExampleUITests.swift */ = {isa = PBXFileReference; lastKnownFileType = sourcecode.swift; path = AVPlayerExampleUITests.swift; sourceTree = "<group>"; };
		5291292429D9D38800308177 /* AVPlayerExampleUITestsLaunchTests.swift */ = {isa = PBXFileReference; lastKnownFileType = sourcecode.swift; path = AVPlayerExampleUITestsLaunchTests.swift; sourceTree = "<group>"; };
/* End PBXFileReference section */

/* Begin PBXFrameworksBuildPhase section */
		529128FB29D9D38500308177 /* Frameworks */ = {
			isa = PBXFrameworksBuildPhase;
			buildActionMask = 2147483647;
			files = (
			);
			runOnlyForDeploymentPostprocessing = 0;
		};
		5291291129D9D38800308177 /* Frameworks */ = {
			isa = PBXFrameworksBuildPhase;
			buildActionMask = 2147483647;
			files = (
			);
			runOnlyForDeploymentPostprocessing = 0;
		};
		5291291B29D9D38800308177 /* Frameworks */ = {
			isa = PBXFrameworksBuildPhase;
			buildActionMask = 2147483647;
			files = (
			);
			runOnlyForDeploymentPostprocessing = 0;
		};
/* End PBXFrameworksBuildPhase section */

/* Begin PBXGroup section */
		529128F529D9D38500308177 = {
			isa = PBXGroup;
			children = (
				5291290029D9D38500308177 /* AVPlayerExample */,
				5291291729D9D38800308177 /* AVPlayerExampleTests */,
				5291292129D9D38800308177 /* AVPlayerExampleUITests */,
				529128FF29D9D38500308177 /* Products */,
			);
			sourceTree = "<group>";
		};
		529128FF29D9D38500308177 /* Products */ = {
			isa = PBXGroup;
			children = (
				529128FE29D9D38500308177 /* AVPlayerExample.app */,
				5291291429D9D38800308177 /* AVPlayerExampleTests.xctest */,
				5291291E29D9D38800308177 /* AVPlayerExampleUITests.xctest */,
			);
			name = Products;
			sourceTree = "<group>";
		};
		5291290029D9D38500308177 /* AVPlayerExample */ = {
			isa = PBXGroup;
			children = (
				5291290129D9D38500308177 /* AppDelegate.swift */,
				5291290329D9D38500308177 /* SceneDelegate.swift */,
				5291290529D9D38500308177 /* ViewController.swift */,
				5291290729D9D38500308177 /* Main.storyboard */,
				5291290A29D9D38800308177 /* Assets.xcassets */,
				5291290C29D9D38800308177 /* LaunchScreen.storyboard */,
				5291290F29D9D38800308177 /* Info.plist */,
			);
			path = AVPlayerExample;
			sourceTree = "<group>";
		};
		5291291729D9D38800308177 /* AVPlayerExampleTests */ = {
			isa = PBXGroup;
			children = (
				5291291829D9D38800308177 /* AVPlayerExampleTests.swift */,
			);
			path = AVPlayerExampleTests;
			sourceTree = "<group>";
		};
		5291292129D9D38800308177 /* AVPlayerExampleUITests */ = {
			isa = PBXGroup;
			children = (
				5291292229D9D38800308177 /* AVPlayerExampleUITests.swift */,
				5291292429D9D38800308177 /* AVPlayerExampleUITestsLaunchTests.swift */,
			);
			path = AVPlayerExampleUITests;
			sourceTree = "<group>";
		};
/* End PBXGroup section */

/* Begin PBXNativeTarget section */
		529128FD29D9D38500308177 /* AVPlayerExample */ = {
			isa = PBXNativeTarget;
			buildConfigurationList = 5291292829D9D38800308177 /* Build configuration list for PBXNativeTarget "AVPlayerExample" */;
			buildPhases = (
				529128FA29D9D38500308177 /* Sources */,
				529128FB29D9D38500308177 /* Frameworks */,
				529128FC29D9D38500308177 /* Resources */,
			);
			buildRules = (
			);
			dependencies = (
			);
			name = AVPlayerExample;
			productName = AVPlayerExample;
			productReference = 529128FE29D9D38500308177 /* AVPlayerExample.app */;
			productType = "com.apple.product-type.application";
		};
		5291291329D9D38800308177 /* AVPlayerExampleTests */ = {
			isa = PBXNativeTarget;
			buildConfigurationList = 5291292B29D9D38800308177 /* Build configuration list for PBXNativeTarget "AVPlayerExampleTests" */;
			buildPhases = (
				5291291029D9D38800308177 /* Sources */,
				5291291129D9D38800308177 /* Frameworks */,
				5291291229D9D38800308177 /* Resources */,
			);
			buildRules = (
			);
			dependencies = (
				5291291629D9D38800308177 /* PBXTargetDependency */,
			);
			name = AVPlayerExampleTests;
			productName = AVPlayerExampleTests;
			productReference = 5291291429D9D38800308177 /* AVPlayerExampleTests.xctest */;
			productType = "com.apple.product-type.bundle.unit-test";
		};
		5291291D29D9D38800308177 /* AVPlayerExampleUITests */ = {
			isa = PBXNativeTarget;
			buildConfigurationList = 5291292E29D9D38800308177 /* Build configuration list for PBXNativeTarget "AVPlayerExampleUITests" */;
			buildPhases = (
				5291291A29D9D38800308177 /* Sources */,
				5291291B29D9D38800308177 /* Frameworks */,
				5291291C29D9D38800308177 /* Resources */,
			);
			buildRules = (
			);
			dependencies = (
				5291292029D9D38800308177 /* PBXTargetDependency */,
			);
			name = AVPlayerExampleUITests;
			productName = AVPlayerExampleUITests;
			productReference = 5291291E29D9D38800308177 /* AVPlayerExampleUITests.xctest */;
			productType = "com.apple.product-type.bundle.ui-testing";
		};
/* End PBXNativeTarget section */

/* Begin PBXProject section */
		529128F629D9D38500308177 /* Project object */ = {
			isa = PBXProject;
			attributes = {
				BuildIndependentTargetsInParallel = 1;
				LastSwiftUpdateCheck = 1420;
				LastUpgradeCheck = 1420;
				TargetAttributes = {
					529128FD29D9D38500308177 = {
						CreatedOnToolsVersion = 14.2;
					};
					5291291329D9D38800308177 = {
						CreatedOnToolsVersion = 14.2;
						TestTargetID = 529128FD29D9D38500308177;
					};
					5291291D29D9D38800308177 = {
						CreatedOnToolsVersion = 14.2;
						TestTargetID = 529128FD29D9D38500308177;
					};
				};
			};
			buildConfigurationList = 529128F929D9D38500308177 /* Build configuration list for PBXProject "AVPlayerExample" */;
			compatibilityVersion = "Xcode 14.0";
			developmentRegion = en;
			hasScannedForEncodings = 0;
			knownRegions = (
				en,
				Base,
			);
			mainGroup = 529128F529D9D38500308177;
			productRefGroup = 529128FF29D9D38500308177 /* Products */;
			projectDirPath = "";
			projectRoot = "";
			targets = (
				529128FD29D9D38500308177 /* AVPlayerExample */,
				5291291329D9D38800308177 /* AVPlayerExampleTests */,
				5291291D29D9D38800308177 /* AVPlayerExampleUITests */,
			);
		};
/* End PBXProject section */

/* Begin PBXResourcesBuildPhase section */
		529128FC29D9D38500308177 /* Resources */ = {
			isa = PBXResourcesBuildPhase;
			buildActionMask = 2147483647;
			files = (
				5291290E29D9D38800308177 /* LaunchScreen.storyboard in Resources */,
				5291290B29D9D38800308177 /* Assets.xcassets in Resources */,
				5291290929D9D38500308177 /* Main.storyboard in Resources */,
			);
			runOnlyForDeploymentPostprocessing = 0;
		};
		5291291229D9D38800308177 /* Resources */ = {
			isa = PBXResourcesBuildPhase;
			buildActionMask = 2147483647;
			files = (
			);
			runOnlyForDeploymentPostprocessing = 0;
		};
		5291291C29D9D38800308177 /* Resources */ = {
			isa = PBXResourcesBuildPhase;
			buildActionMask = 2147483647;
			files = (
			);
			runOnlyForDeploymentPostprocessing = 0;
		};
/* End PBXResourcesBuildPhase section */

/* Begin PBXSourcesBuildPhase section */
		529128FA29D9D38500308177 /* Sources */ = {
			isa = PBXSourcesBuildPhase;
			buildActionMask = 2147483647;
			files = (
				5291290629D9D38500308177 /* ViewController.swift in Sources */,
				5291290229D9D38500308177 /* AppDelegate.swift in Sources */,
				5291290429D9D38500308177 /* SceneDelegate.swift in Sources */,
			);
			runOnlyForDeploymentPostprocessing = 0;
		};
		5291291029D9D38800308177 /* Sources */ = {
			isa = PBXSourcesBuildPhase;
			buildActionMask = 2147483647;
			files = (
				5291291929D9D38800308177 /* AVPlayerExampleTests.swift in Sources */,
			);
			runOnlyForDeploymentPostprocessing = 0;
		};
		5291291A29D9D38800308177 /* Sources */ = {
			isa = PBXSourcesBuildPhase;
			buildActionMask = 2147483647;
			files = (
				5291292329D9D38800308177 /* AVPlayerExampleUITests.swift in Sources */,
				5291292529D9D38800308177 /* AVPlayerExampleUITestsLaunchTests.swift in Sources */,
			);
			runOnlyForDeploymentPostprocessing = 0;
		};
/* End PBXSourcesBuildPhase section */

/* Begin PBXTargetDependency section */
		5291291629D9D38800308177 /* PBXTargetDependency */ = {
			isa = PBXTargetDependency;
			target = 529128FD29D9D38500308177 /* AVPlayerExample */;
			targetProxy = 5291291529D9D38800308177 /* PBXContainerItemProxy */;
		};
		5291292029D9D38800308177 /* PBXTargetDependency */ = {
			isa = PBXTargetDependency;
			target = 529128FD29D9D38500308177 /* AVPlayerExample */;
			targetProxy = 5291291F29D9D38800308177 /* PBXContainerItemProxy */;
		};
/* End PBXTargetDependency section */

/* Begin PBXVariantGroup section */
		5291290729D9D38500308177 /* Main.storyboard */ = {
			isa = PBXVariantGroup;
			children = (
				5291290829D9D38500308177 /* Base */,
			);
			name = Main.storyboard;
			sourceTree = "<group>";
		};
		5291290C29D9D38800308177 /* LaunchScreen.storyboard */ = {
			isa = PBXVariantGroup;
			children = (
				5291290D29D9D38800308177 /* Base */,
			);
			name = LaunchScreen.storyboard;
			sourceTree = "<group>";
		};
/* End PBXVariantGroup section */

/* Begin XCBuildConfiguration section */
		5291292629D9D38800308177 /* Debug */ = {
			isa = XCBuildConfiguration;
			buildSettings = {
				ALWAYS_SEARCH_USER_PATHS = NO;
				CLANG_ANALYZER_NONNULL = YES;
				CLANG_ANALYZER_NUMBER_OBJECT_CONVERSION = YES_AGGRESSIVE;
				CLANG_CXX_LANGUAGE_STANDARD = "gnu++20";
				CLANG_ENABLE_MODULES = YES;
				CLANG_ENABLE_OBJC_ARC = YES;
				CLANG_ENABLE_OBJC_WEAK = YES;
				CLANG_WARN_BLOCK_CAPTURE_AUTORELEASING = YES;
				CLANG_WARN_BOOL_CONVERSION = YES;
				CLANG_WARN_COMMA = YES;
				CLANG_WARN_CONSTANT_CONVERSION = YES;
				CLANG_WARN_DEPRECATED_OBJC_IMPLEMENTATIONS = YES;
				CLANG_WARN_DIRECT_OBJC_ISA_USAGE = YES_ERROR;
				CLANG_WARN_DOCUMENTATION_COMMENTS = YES;
				CLANG_WARN_EMPTY_BODY = YES;
				CLANG_WARN_ENUM_CONVERSION = YES;
				CLANG_WARN_INFINITE_RECURSION = YES;
				CLANG_WARN_INT_CONVERSION = YES;
				CLANG_WARN_NON_LITERAL_NULL_CONVERSION = YES;
				CLANG_WARN_OBJC_IMPLICIT_RETAIN_SELF = YES;
				CLANG_WARN_OBJC_LITERAL_CONVERSION = YES;
				CLANG_WARN_OBJC_ROOT_CLASS = YES_ERROR;
				CLANG_WARN_QUOTED_INCLUDE_IN_FRAMEWORK_HEADER = YES;
				CLANG_WARN_RANGE_LOOP_ANALYSIS = YES;
				CLANG_WARN_STRICT_PROTOTYPES = YES;
				CLANG_WARN_SUSPICIOUS_MOVE = YES;
				CLANG_WARN_UNGUARDED_AVAILABILITY = YES_AGGRESSIVE;
				CLANG_WARN_UNREACHABLE_CODE = YES;
				CLANG_WARN__DUPLICATE_METHOD_MATCH = YES;
				COPY_PHASE_STRIP = NO;
				DEBUG_INFORMATION_FORMAT = dwarf;
				ENABLE_STRICT_OBJC_MSGSEND = YES;
				ENABLE_TESTABILITY = YES;
				GCC_C_LANGUAGE_STANDARD = gnu11;
				GCC_DYNAMIC_NO_PIC = NO;
				GCC_NO_COMMON_BLOCKS = YES;
				GCC_OPTIMIZATION_LEVEL = 0;
				GCC_PREPROCESSOR_DEFINITIONS = (
					"DEBUG=1",
					"$(inherited)",
				);
				GCC_WARN_64_TO_32_BIT_CONVERSION = YES;
				GCC_WARN_ABOUT_RETURN_TYPE = YES_ERROR;
				GCC_WARN_UNDECLARED_SELECTOR = YES;
				GCC_WARN_UNINITIALIZED_AUTOS = YES_AGGRESSIVE;
				GCC_WARN_UNUSED_FUNCTION = YES;
				GCC_WARN_UNUSED_VARIABLE = YES;
				IPHONEOS_DEPLOYMENT_TARGET = 16.2;
				MTL_ENABLE_DEBUG_INFO = INCLUDE_SOURCE;
				MTL_FAST_MATH = YES;
				ONLY_ACTIVE_ARCH = YES;
				SDKROOT = iphoneos;
				SWIFT_ACTIVE_COMPILATION_CONDITIONS = DEBUG;
				SWIFT_OPTIMIZATION_LEVEL = "-Onone";
			};
			name = Debug;
		};
		5291292729D9D38800308177 /* Release */ = {
			isa = XCBuildConfiguration;
			buildSettings = {
				ALWAYS_SEARCH_USER_PATHS = NO;
				CLANG_ANALYZER_NONNULL = YES;
				CLANG_ANALYZER_NUMBER_OBJECT_CONVERSION = YES_AGGRESSIVE;
				CLANG_CXX_LANGUAGE_STANDARD = "gnu++20";
				CLANG_ENABLE_MODULES = YES;
				CLANG_ENABLE_OBJC_ARC = YES;
				CLANG_ENABLE_OBJC_WEAK = YES;
				CLANG_WARN_BLOCK_CAPTURE_AUTORELEASING = YES;
				CLANG_WARN_BOOL_CONVERSION = YES;
				CLANG_WARN_COMMA = YES;
				CLANG_WARN_CONSTANT_CONVERSION = YES;
				CLANG_WARN_DEPRECATED_OBJC_IMPLEMENTATIONS = YES;
				CLANG_WARN_DIRECT_OBJC_ISA_USAGE = YES_ERROR;
				CLANG_WARN_DOCUMENTATION_COMMENTS = YES;
				CLANG_WARN_EMPTY_BODY = YES;
				CLANG_WARN_ENUM_CONVERSION = YES;
				CLANG_WARN_INFINITE_RECURSION = YES;
				CLANG_WARN_INT_CONVERSION = YES;
				CLANG_WARN_NON_LITERAL_NULL_CONVERSION = YES;
				CLANG_WARN_OBJC_IMPLICIT_RETAIN_SELF = YES;
				CLANG_WARN_OBJC_LITERAL_CONVERSION = YES;
				CLANG_WARN_OBJC_ROOT_CLASS = YES_ERROR;
				CLANG_WARN_QUOTED_INCLUDE_IN_FRAMEWORK_HEADER = YES;
				CLANG_WARN_RANGE_LOOP_ANALYSIS = YES;
				CLANG_WARN_STRICT_PROTOTYPES = YES;
				CLANG_WARN_SUSPICIOUS_MOVE = YES;
				CLANG_WARN_UNGUARDED_AVAILABILITY = YES_AGGRESSIVE;
				CLANG_WARN_UNREACHABLE_CODE = YES;
				CLANG_WARN__DUPLICATE_METHOD_MATCH = YES;
				COPY_PHASE_STRIP = NO;
				DEBUG_INFORMATION_FORMAT = "dwarf-with-dsym";
				ENABLE_NS_ASSERTIONS = NO;
				ENABLE_STRICT_OBJC_MSGSEND = YES;
				GCC_C_LANGUAGE_STANDARD = gnu11;
				GCC_NO_COMMON_BLOCKS = YES;
				GCC_WARN_64_TO_32_BIT_CONVERSION = YES;
				GCC_WARN_ABOUT_RETURN_TYPE = YES_ERROR;
				GCC_WARN_UNDECLARED_SELECTOR = YES;
				GCC_WARN_UNINITIALIZED_AUTOS = YES_AGGRESSIVE;
				GCC_WARN_UNUSED_FUNCTION = YES;
				GCC_WARN_UNUSED_VARIABLE = YES;
				IPHONEOS_DEPLOYMENT_TARGET = 16.2;
				MTL_ENABLE_DEBUG_INFO = NO;
				MTL_FAST_MATH = YES;
				SDKROOT = iphoneos;
				SWIFT_COMPILATION_MODE = wholemodule;
				SWIFT_OPTIMIZATION_LEVEL = "-O";
				VALIDATE_PRODUCT = YES;
			};
			name = Release;
		};
		5291292929D9D38800308177 /* Debug */ = {
			isa = XCBuildConfiguration;
			buildSettings = {
				ASSETCATALOG_COMPILER_APPICON_NAME = AppIcon;
				ASSETCATALOG_COMPILER_GLOBAL_ACCENT_COLOR_NAME = AccentColor;
				CODE_SIGN_STYLE = Automatic;
				CURRENT_PROJECT_VERSION = 1;
				DEVELOPMENT_TEAM = S75S4EG5R6;
				GENERATE_INFOPLIST_FILE = YES;
				INFOPLIST_FILE = AVPlayerExample/Info.plist;
				INFOPLIST_KEY_UIApplicationSupportsIndirectInputEvents = YES;
				INFOPLIST_KEY_UILaunchStoryboardName = LaunchScreen;
				INFOPLIST_KEY_UIMainStoryboardFile = Main;
				INFOPLIST_KEY_UISupportedInterfaceOrientations_iPad = "UIInterfaceOrientationPortrait UIInterfaceOrientationPortraitUpsideDown UIInterfaceOrientationLandscapeLeft UIInterfaceOrientationLandscapeRight";
				INFOPLIST_KEY_UISupportedInterfaceOrientations_iPhone = "UIInterfaceOrientationPortrait UIInterfaceOrientationLandscapeLeft UIInterfaceOrientationLandscapeRight";
				LD_RUNPATH_SEARCH_PATHS = (
					"$(inherited)",
					"@executable_path/Frameworks",
				);
				MARKETING_VERSION = 1.0;
				PRODUCT_BUNDLE_IDENTIFIER = com.EM.AVPlayerExample;
				PRODUCT_NAME = "$(TARGET_NAME)";
				SWIFT_EMIT_LOC_STRINGS = YES;
				SWIFT_VERSION = 5.0;
				TARGETED_DEVICE_FAMILY = "1,2";
			};
			name = Debug;
		};
		5291292A29D9D38800308177 /* Release */ = {
			isa = XCBuildConfiguration;
			buildSettings = {
				ASSETCATALOG_COMPILER_APPICON_NAME = AppIcon;
				ASSETCATALOG_COMPILER_GLOBAL_ACCENT_COLOR_NAME = AccentColor;
				CODE_SIGN_STYLE = Automatic;
				CURRENT_PROJECT_VERSION = 1;
				DEVELOPMENT_TEAM = S75S4EG5R6;
				GENERATE_INFOPLIST_FILE = YES;
				INFOPLIST_FILE = AVPlayerExample/Info.plist;
				INFOPLIST_KEY_UIApplicationSupportsIndirectInputEvents = YES;
				INFOPLIST_KEY_UILaunchStoryboardName = LaunchScreen;
				INFOPLIST_KEY_UIMainStoryboardFile = Main;
				INFOPLIST_KEY_UISupportedInterfaceOrientations_iPad = "UIInterfaceOrientationPortrait UIInterfaceOrientationPortraitUpsideDown UIInterfaceOrientationLandscapeLeft UIInterfaceOrientationLandscapeRight";
				INFOPLIST_KEY_UISupportedInterfaceOrientations_iPhone = "UIInterfaceOrientationPortrait UIInterfaceOrientationLandscapeLeft UIInterfaceOrientationLandscapeRight";
				LD_RUNPATH_SEARCH_PATHS = (
					"$(inherited)",
					"@executable_path/Frameworks",
				);
				MARKETING_VERSION = 1.0;
				PRODUCT_BUNDLE_IDENTIFIER = com.EM.AVPlayerExample;
				PRODUCT_NAME = "$(TARGET_NAME)";
				SWIFT_EMIT_LOC_STRINGS = YES;
				SWIFT_VERSION = 5.0;
				TARGETED_DEVICE_FAMILY = "1,2";
			};
			name = Release;
		};
		5291292C29D9D38800308177 /* Debug */ = {
			isa = XCBuildConfiguration;
			buildSettings = {
				ALWAYS_EMBED_SWIFT_STANDARD_LIBRARIES = YES;
				BUNDLE_LOADER = "$(TEST_HOST)";
				CODE_SIGN_STYLE = Automatic;
				CURRENT_PROJECT_VERSION = 1;
				DEVELOPMENT_TEAM = S75S4EG5R6;
				GENERATE_INFOPLIST_FILE = YES;
				IPHONEOS_DEPLOYMENT_TARGET = 16.2;
				MARKETING_VERSION = 1.0;
				PRODUCT_BUNDLE_IDENTIFIER = com.EM.AVPlayerExampleTests;
				PRODUCT_NAME = "$(TARGET_NAME)";
				SWIFT_EMIT_LOC_STRINGS = NO;
				SWIFT_VERSION = 5.0;
				TARGETED_DEVICE_FAMILY = "1,2";
				TEST_HOST = "$(BUILT_PRODUCTS_DIR)/AVPlayerExample.app/$(BUNDLE_EXECUTABLE_FOLDER_PATH)/AVPlayerExample";
			};
			name = Debug;
		};
		5291292D29D9D38800308177 /* Release */ = {
			isa = XCBuildConfiguration;
			buildSettings = {
				ALWAYS_EMBED_SWIFT_STANDARD_LIBRARIES = YES;
				BUNDLE_LOADER = "$(TEST_HOST)";
				CODE_SIGN_STYLE = Automatic;
				CURRENT_PROJECT_VERSION = 1;
				DEVELOPMENT_TEAM = S75S4EG5R6;
				GENERATE_INFOPLIST_FILE = YES;
				IPHONEOS_DEPLOYMENT_TARGET = 16.2;
				MARKETING_VERSION = 1.0;
				PRODUCT_BUNDLE_IDENTIFIER = com.EM.AVPlayerExampleTests;
				PRODUCT_NAME = "$(TARGET_NAME)";
				SWIFT_EMIT_LOC_STRINGS = NO;
				SWIFT_VERSION = 5.0;
				TARGETED_DEVICE_FAMILY = "1,2";
				TEST_HOST = "$(BUILT_PRODUCTS_DIR)/AVPlayerExample.app/$(BUNDLE_EXECUTABLE_FOLDER_PATH)/AVPlayerExample";
			};
			name = Release;
		};
		5291292F29D9D38800308177 /* Debug */ = {
			isa = XCBuildConfiguration;
			buildSettings = {
				ALWAYS_EMBED_SWIFT_STANDARD_LIBRARIES = YES;
				CODE_SIGN_STYLE = Automatic;
				CURRENT_PROJECT_VERSION = 1;
				DEVELOPMENT_TEAM = S75S4EG5R6;
				GENERATE_INFOPLIST_FILE = YES;
				MARKETING_VERSION = 1.0;
				PRODUCT_BUNDLE_IDENTIFIER = com.EM.AVPlayerExampleUITests;
				PRODUCT_NAME = "$(TARGET_NAME)";
				SWIFT_EMIT_LOC_STRINGS = NO;
				SWIFT_VERSION = 5.0;
				TARGETED_DEVICE_FAMILY = "1,2";
				TEST_TARGET_NAME = AVPlayerExample;
			};
			name = Debug;
		};
		5291293029D9D38800308177 /* Release */ = {
			isa = XCBuildConfiguration;
			buildSettings = {
				ALWAYS_EMBED_SWIFT_STANDARD_LIBRARIES = YES;
				CODE_SIGN_STYLE = Automatic;
				CURRENT_PROJECT_VERSION = 1;
				DEVELOPMENT_TEAM = S75S4EG5R6;
				GENERATE_INFOPLIST_FILE = YES;
				MARKETING_VERSION = 1.0;
				PRODUCT_BUNDLE_IDENTIFIER = com.EM.AVPlayerExampleUITests;
				PRODUCT_NAME = "$(TARGET_NAME)";
				SWIFT_EMIT_LOC_STRINGS = NO;
				SWIFT_VERSION = 5.0;
				TARGETED_DEVICE_FAMILY = "1,2";
				TEST_TARGET_NAME = AVPlayerExample;
			};
			name = Release;
		};
/* End XCBuildConfiguration section */

/* Begin XCConfigurationList section */
		529128F929D9D38500308177 /* Build configuration list for PBXProject "AVPlayerExample" */ = {
			isa = XCConfigurationList;
			buildConfigurations = (
				5291292629D9D38800308177 /* Debug */,
				5291292729D9D38800308177 /* Release */,
			);
			defaultConfigurationIsVisible = 0;
			defaultConfigurationName = Release;
		};
		5291292829D9D38800308177 /* Build configuration list for PBXNativeTarget "AVPlayerExample" */ = {
			isa = XCConfigurationList;
			buildConfigurations = (
				5291292929D9D38800308177 /* Debug */,
				5291292A29D9D38800308177 /* Release */,
			);
			defaultConfigurationIsVisible = 0;
			defaultConfigurationName = Release;
		};
		5291292B29D9D38800308177 /* Build configuration list for PBXNativeTarget "AVPlayerExampleTests" */ = {
			isa = XCConfigurationList;
			buildConfigurations = (
				5291292C29D9D38800308177 /* Debug */,
				5291292D29D9D38800308177 /* Release */,
			);
			defaultConfigurationIsVisible = 0;
			defaultConfigurationName = Release;
		};
		5291292E29D9D38800308177 /* Build configuration list for PBXNativeTarget "AVPlayerExampleUITests" */ = {
			isa = XCConfigurationList;
			buildConfigurations = (
				5291292F29D9D38800308177 /* Debug */,
				5291293029D9D38800308177 /* Release */,
			);
			defaultConfigurationIsVisible = 0;
			defaultConfigurationName = Release;
		};
/* End XCConfigurationList section */
	};
	rootObject = 529128F629D9D38500308177 /* Project object */;
}
